// !$*UTF8*$!
{
	archiveVersion = 1;
	classes = {
	};
	objectVersion = 52;
	objects = {

/* Begin PBXBuildFile section */
		76AE4741257F0B610064A73F /* README.md in Resources */ = {isa = PBXBuildFile; fileRef = 76AE4740257F0B610064A73F /* README.md */; };
		76DEC398257EAD5E00BF1857 /* AppDelegate.swift in Sources */ = {isa = PBXBuildFile; fileRef = 76DEC397257EAD5E00BF1857 /* AppDelegate.swift */; };
		76DEC39A257EAD5E00BF1857 /* SceneDelegate.swift in Sources */ = {isa = PBXBuildFile; fileRef = 76DEC399257EAD5E00BF1857 /* SceneDelegate.swift */; };
		76DEC39F257EAD5E00BF1857 /* Main.storyboard in Resources */ = {isa = PBXBuildFile; fileRef = 76DEC39D257EAD5E00BF1857 /* Main.storyboard */; };
		76DEC3A1257EAD5F00BF1857 /* Assets.xcassets in Resources */ = {isa = PBXBuildFile; fileRef = 76DEC3A0257EAD5F00BF1857 /* Assets.xcassets */; };
		76DEC3A4257EAD5F00BF1857 /* LaunchScreen.storyboard in Resources */ = {isa = PBXBuildFile; fileRef = 76DEC3A2257EAD5F00BF1857 /* LaunchScreen.storyboard */; };
		90EFAB90290078760046B71A /* PlacementSelectorVC.swift in Sources */ = {isa = PBXBuildFile; fileRef = 90EFAB8F290078760046B71A /* PlacementSelectorVC.swift */; };
		90EFAB93290098310046B71A /* PlacementSelectorCell.swift in Sources */ = {isa = PBXBuildFile; fileRef = 90EFAB92290098310046B71A /* PlacementSelectorCell.swift */; };
		90FDD7B22C6EA44C00EB48D1 /* TapHandler.swift in Sources */ = {isa = PBXBuildFile; fileRef = 90FDD7B12C6EA44800EB48D1 /* TapHandler.swift */; };
/* End PBXBuildFile section */

/* Begin PBXCopyFilesBuildPhase section */
		A69F6BDC273DAE20009FF913 /* Embed Frameworks */ = {
			isa = PBXCopyFilesBuildPhase;
			buildActionMask = 2147483647;
			dstPath = "";
			dstSubfolderSpec = 10;
			files = (
			);
			name = "Embed Frameworks";
			runOnlyForDeploymentPostprocessing = 0;
		};
/* End PBXCopyFilesBuildPhase section */

/* Begin PBXFileReference section */
		76AE4740257F0B610064A73F /* README.md */ = {isa = PBXFileReference; fileEncoding = 4; lastKnownFileType = net.daringfireball.markdown; path = README.md; sourceTree = "<group>"; };
		76DEC394257EAD5E00BF1857 /* TapResearchSwiftDemoSingleton.app */ = {isa = PBXFileReference; explicitFileType = wrapper.application; includeInIndex = 0; path = TapResearchSwiftDemoSingleton.app; sourceTree = BUILT_PRODUCTS_DIR; };
		76DEC397257EAD5E00BF1857 /* AppDelegate.swift */ = {isa = PBXFileReference; lastKnownFileType = sourcecode.swift; path = AppDelegate.swift; sourceTree = "<group>"; };
		76DEC399257EAD5E00BF1857 /* SceneDelegate.swift */ = {isa = PBXFileReference; lastKnownFileType = sourcecode.swift; path = SceneDelegate.swift; sourceTree = "<group>"; };
		76DEC39E257EAD5E00BF1857 /* Base */ = {isa = PBXFileReference; lastKnownFileType = file.storyboard; name = Base; path = Base.lproj/Main.storyboard; sourceTree = "<group>"; };
		76DEC3A0257EAD5F00BF1857 /* Assets.xcassets */ = {isa = PBXFileReference; lastKnownFileType = folder.assetcatalog; path = Assets.xcassets; sourceTree = "<group>"; };
		76DEC3A3257EAD5F00BF1857 /* Base */ = {isa = PBXFileReference; lastKnownFileType = file.storyboard; name = Base; path = Base.lproj/LaunchScreen.storyboard; sourceTree = "<group>"; };
		76DEC3A5257EAD5F00BF1857 /* Info.plist */ = {isa = PBXFileReference; lastKnownFileType = text.plist.xml; path = Info.plist; sourceTree = "<group>"; };
		90EFAB8F290078760046B71A /* PlacementSelectorVC.swift */ = {isa = PBXFileReference; fileEncoding = 4; lastKnownFileType = sourcecode.swift; path = PlacementSelectorVC.swift; sourceTree = "<group>"; };
		90EFAB92290098310046B71A /* PlacementSelectorCell.swift */ = {isa = PBXFileReference; lastKnownFileType = sourcecode.swift; path = PlacementSelectorCell.swift; sourceTree = "<group>"; };
		90FDD7B12C6EA44800EB48D1 /* TapHandler.swift */ = {isa = PBXFileReference; lastKnownFileType = sourcecode.swift; path = TapHandler.swift; sourceTree = "<group>"; };
/* End PBXFileReference section */

/* Begin PBXFrameworksBuildPhase section */
		76DEC391257EAD5E00BF1857 /* Frameworks */ = {
			isa = PBXFrameworksBuildPhase;
			buildActionMask = 2147483647;
			files = (
			);
			runOnlyForDeploymentPostprocessing = 0;
		};
/* End PBXFrameworksBuildPhase section */

/* Begin PBXGroup section */
		76DEC38B257EAD5E00BF1857 = {
			isa = PBXGroup;
			children = (
				76AE4740257F0B610064A73F /* README.md */,
				76DEC396257EAD5E00BF1857 /* TapResearchSwiftDemoSingleton */,
				76DEC395257EAD5E00BF1857 /* Products */,
				B0D4A2CBE7D09E0E1BB77E56 /* Frameworks */,
			);
			sourceTree = "<group>";
			usesTabs = 0;
		};
		76DEC395257EAD5E00BF1857 /* Products */ = {
			isa = PBXGroup;
			children = (
				76DEC394257EAD5E00BF1857 /* TapResearchSwiftDemoSingleton.app */,
			);
			name = Products;
			sourceTree = "<group>";
		};
		76DEC396257EAD5E00BF1857 /* TapResearchSwiftDemoSingleton */ = {
			isa = PBXGroup;
			children = (
				90FDD7B12C6EA44800EB48D1 /* TapHandler.swift */,
				76DEC397257EAD5E00BF1857 /* AppDelegate.swift */,
				76DEC399257EAD5E00BF1857 /* SceneDelegate.swift */,
				90EFAB8F290078760046B71A /* PlacementSelectorVC.swift */,
				90EFAB92290098310046B71A /* PlacementSelectorCell.swift */,
				76DEC39D257EAD5E00BF1857 /* Main.storyboard */,
				76DEC3A0257EAD5F00BF1857 /* Assets.xcassets */,
				76DEC3A2257EAD5F00BF1857 /* LaunchScreen.storyboard */,
				76DEC3A5257EAD5F00BF1857 /* Info.plist */,
			);
			path = TapResearchSwiftDemoSingleton;
			sourceTree = "<group>";
		};
		B0D4A2CBE7D09E0E1BB77E56 /* Frameworks */ = {
			isa = PBXGroup;
			children = (
			);
			name = Frameworks;
			sourceTree = "<group>";
		};
/* End PBXGroup section */

/* Begin PBXNativeTarget section */
		76DEC393257EAD5E00BF1857 /* TapResearchSwiftDemoSingleton */ = {
			isa = PBXNativeTarget;
			buildConfigurationList = 76DEC3A8257EAD5F00BF1857 /* Build configuration list for PBXNativeTarget "TapResearchSwiftDemoSingleton" */;
			buildPhases = (
				76DEC390257EAD5E00BF1857 /* Sources */,
				76DEC391257EAD5E00BF1857 /* Frameworks */,
				76DEC392257EAD5E00BF1857 /* Resources */,
				A69F6BDC273DAE20009FF913 /* Embed Frameworks */,
			);
			buildRules = (
			);
			dependencies = (
			);
			name = TapResearchSwiftDemoSingleton;
			productName = TapResearchSwiftDemoSingleton;
			productReference = 76DEC394257EAD5E00BF1857 /* TapResearchSwiftDemoSingleton.app */;
			productType = "com.apple.product-type.application";
		};
/* End PBXNativeTarget section */

/* Begin PBXProject section */
		76DEC38C257EAD5E00BF1857 /* Project object */ = {
			isa = PBXProject;
			attributes = {
				LastSwiftUpdateCheck = 1230;
				LastUpgradeCheck = 1230;
				TargetAttributes = {
					76DEC393257EAD5E00BF1857 = {
						CreatedOnToolsVersion = 12.3;
					};
				};
			};
			buildConfigurationList = 76DEC38F257EAD5E00BF1857 /* Build configuration list for PBXProject "TapResearchSwiftDemoSingleton" */;
			compatibilityVersion = "Xcode 11.0";
			developmentRegion = en;
			hasScannedForEncodings = 0;
			knownRegions = (
				en,
				Base,
			);
			mainGroup = 76DEC38B257EAD5E00BF1857;
			productRefGroup = 76DEC395257EAD5E00BF1857 /* Products */;
			projectDirPath = "";
			projectRoot = "";
			targets = (
				76DEC393257EAD5E00BF1857 /* TapResearchSwiftDemoSingleton */,
			);
		};
/* End PBXProject section */

/* Begin PBXResourcesBuildPhase section */
		76DEC392257EAD5E00BF1857 /* Resources */ = {
			isa = PBXResourcesBuildPhase;
			buildActionMask = 2147483647;
			files = (
				76DEC3A4257EAD5F00BF1857 /* LaunchScreen.storyboard in Resources */,
				76DEC3A1257EAD5F00BF1857 /* Assets.xcassets in Resources */,
				76AE4741257F0B610064A73F /* README.md in Resources */,
				76DEC39F257EAD5E00BF1857 /* Main.storyboard in Resources */,
			);
			runOnlyForDeploymentPostprocessing = 0;
		};
/* End PBXResourcesBuildPhase section */

/* Begin PBXSourcesBuildPhase section */
		76DEC390257EAD5E00BF1857 /* Sources */ = {
			isa = PBXSourcesBuildPhase;
			buildActionMask = 2147483647;
			files = (
				90EFAB93290098310046B71A /* PlacementSelectorCell.swift in Sources */,
				76DEC398257EAD5E00BF1857 /* AppDelegate.swift in Sources */,
				76DEC39A257EAD5E00BF1857 /* SceneDelegate.swift in Sources */,
				90FDD7B22C6EA44C00EB48D1 /* TapHandler.swift in Sources */,
				90EFAB90290078760046B71A /* PlacementSelectorVC.swift in Sources */,
			);
			runOnlyForDeploymentPostprocessing = 0;
		};
/* End PBXSourcesBuildPhase section */

/* Begin PBXVariantGroup section */
		76DEC39D257EAD5E00BF1857 /* Main.storyboard */ = {
			isa = PBXVariantGroup;
			children = (
				76DEC39E257EAD5E00BF1857 /* Base */,
			);
			name = Main.storyboard;
			sourceTree = "<group>";
		};
		76DEC3A2257EAD5F00BF1857 /* LaunchScreen.storyboard */ = {
			isa = PBXVariantGroup;
			children = (
				76DEC3A3257EAD5F00BF1857 /* Base */,
			);
			name = LaunchScreen.storyboard;
			sourceTree = "<group>";
		};
/* End PBXVariantGroup section */

/* Begin XCBuildConfiguration section */
		76DEC3A6257EAD5F00BF1857 /* Debug */ = {
			isa = XCBuildConfiguration;
			buildSettings = {
				ALWAYS_SEARCH_USER_PATHS = NO;
				CLANG_ANALYZER_NONNULL = YES;
				CLANG_ANALYZER_NUMBER_OBJECT_CONVERSION = YES_AGGRESSIVE;
				CLANG_CXX_LANGUAGE_STANDARD = "gnu++14";
				CLANG_CXX_LIBRARY = "libc++";
				CLANG_ENABLE_MODULES = YES;
				CLANG_ENABLE_OBJC_ARC = YES;
				CLANG_ENABLE_OBJC_WEAK = YES;
				CLANG_WARN_BLOCK_CAPTURE_AUTORELEASING = YES;
				CLANG_WARN_BOOL_CONVERSION = YES;
				CLANG_WARN_COMMA = YES;
				CLANG_WARN_CONSTANT_CONVERSION = YES;
				CLANG_WARN_DEPRECATED_OBJC_IMPLEMENTATIONS = YES;
				CLANG_WARN_DIRECT_OBJC_ISA_USAGE = YES_ERROR;
				CLANG_WARN_DOCUMENTATION_COMMENTS = YES;
				CLANG_WARN_EMPTY_BODY = YES;
				CLANG_WARN_ENUM_CONVERSION = YES;
				CLANG_WARN_INFINITE_RECURSION = YES;
				CLANG_WARN_INT_CONVERSION = YES;
				CLANG_WARN_NON_LITERAL_NULL_CONVERSION = YES;
				CLANG_WARN_OBJC_IMPLICIT_RETAIN_SELF = YES;
				CLANG_WARN_OBJC_LITERAL_CONVERSION = YES;
				CLANG_WARN_OBJC_ROOT_CLASS = YES_ERROR;
				CLANG_WARN_QUOTED_INCLUDE_IN_FRAMEWORK_HEADER = YES;
				CLANG_WARN_RANGE_LOOP_ANALYSIS = YES;
				CLANG_WARN_STRICT_PROTOTYPES = YES;
				CLANG_WARN_SUSPICIOUS_MOVE = YES;
				CLANG_WARN_UNGUARDED_AVAILABILITY = YES_AGGRESSIVE;
				CLANG_WARN_UNREACHABLE_CODE = YES;
				CLANG_WARN__DUPLICATE_METHOD_MATCH = YES;
				COPY_PHASE_STRIP = NO;
				DEBUG_INFORMATION_FORMAT = dwarf;
				ENABLE_STRICT_OBJC_MSGSEND = YES;
				ENABLE_TESTABILITY = YES;
				GCC_C_LANGUAGE_STANDARD = gnu11;
				GCC_DYNAMIC_NO_PIC = NO;
				GCC_NO_COMMON_BLOCKS = YES;
				GCC_OPTIMIZATION_LEVEL = 0;
				GCC_PREPROCESSOR_DEFINITIONS = (
					"DEBUG=1",
					"$(inherited)",
				);
				GCC_WARN_64_TO_32_BIT_CONVERSION = YES;
				GCC_WARN_ABOUT_RETURN_TYPE = YES_ERROR;
				GCC_WARN_UNDECLARED_SELECTOR = YES;
				GCC_WARN_UNINITIALIZED_AUTOS = YES_AGGRESSIVE;
				GCC_WARN_UNUSED_FUNCTION = YES;
				GCC_WARN_UNUSED_VARIABLE = YES;
				IPHONEOS_DEPLOYMENT_TARGET = 13.0;
				MTL_ENABLE_DEBUG_INFO = INCLUDE_SOURCE;
				MTL_FAST_MATH = YES;
				ONLY_ACTIVE_ARCH = YES;
				SDKROOT = iphoneos;
				SWIFT_ACTIVE_COMPILATION_CONDITIONS = DEBUG;
				SWIFT_OPTIMIZATION_LEVEL = "-Onone";
			};
			name = Debug;
		};
		76DEC3A7257EAD5F00BF1857 /* Release */ = {
			isa = XCBuildConfiguration;
			buildSettings = {
				ALWAYS_SEARCH_USER_PATHS = NO;
				CLANG_ANALYZER_NONNULL = YES;
				CLANG_ANALYZER_NUMBER_OBJECT_CONVERSION = YES_AGGRESSIVE;
				CLANG_CXX_LANGUAGE_STANDARD = "gnu++14";
				CLANG_CXX_LIBRARY = "libc++";
				CLANG_ENABLE_MODULES = YES;
				CLANG_ENABLE_OBJC_ARC = YES;
				CLANG_ENABLE_OBJC_WEAK = YES;
				CLANG_WARN_BLOCK_CAPTURE_AUTORELEASING = YES;
				CLANG_WARN_BOOL_CONVERSION = YES;
				CLANG_WARN_COMMA = YES;
				CLANG_WARN_CONSTANT_CONVERSION = YES;
				CLANG_WARN_DEPRECATED_OBJC_IMPLEMENTATIONS = YES;
				CLANG_WARN_DIRECT_OBJC_ISA_USAGE = YES_ERROR;
				CLANG_WARN_DOCUMENTATION_COMMENTS = YES;
				CLANG_WARN_EMPTY_BODY = YES;
				CLANG_WARN_ENUM_CONVERSION = YES;
				CLANG_WARN_INFINITE_RECURSION = YES;
				CLANG_WARN_INT_CONVERSION = YES;
				CLANG_WARN_NON_LITERAL_NULL_CONVERSION = YES;
				CLANG_WARN_OBJC_IMPLICIT_RETAIN_SELF = YES;
				CLANG_WARN_OBJC_LITERAL_CONVERSION = YES;
				CLANG_WARN_OBJC_ROOT_CLASS = YES_ERROR;
				CLANG_WARN_QUOTED_INCLUDE_IN_FRAMEWORK_HEADER = YES;
				CLANG_WARN_RANGE_LOOP_ANALYSIS = YES;
				CLANG_WARN_STRICT_PROTOTYPES = YES;
				CLANG_WARN_SUSPICIOUS_MOVE = YES;
				CLANG_WARN_UNGUARDED_AVAILABILITY = YES_AGGRESSIVE;
				CLANG_WARN_UNREACHABLE_CODE = YES;
				CLANG_WARN__DUPLICATE_METHOD_MATCH = YES;
				COPY_PHASE_STRIP = NO;
				DEBUG_INFORMATION_FORMAT = "dwarf-with-dsym";
				ENABLE_NS_ASSERTIONS = NO;
				ENABLE_STRICT_OBJC_MSGSEND = YES;
				GCC_C_LANGUAGE_STANDARD = gnu11;
				GCC_NO_COMMON_BLOCKS = YES;
				GCC_WARN_64_TO_32_BIT_CONVERSION = YES;
				GCC_WARN_ABOUT_RETURN_TYPE = YES_ERROR;
				GCC_WARN_UNDECLARED_SELECTOR = YES;
				GCC_WARN_UNINITIALIZED_AUTOS = YES_AGGRESSIVE;
				GCC_WARN_UNUSED_FUNCTION = YES;
				GCC_WARN_UNUSED_VARIABLE = YES;
				IPHONEOS_DEPLOYMENT_TARGET = 13.0;
				MTL_ENABLE_DEBUG_INFO = NO;
				MTL_FAST_MATH = YES;
				SDKROOT = iphoneos;
				SWIFT_COMPILATION_MODE = wholemodule;
				SWIFT_OPTIMIZATION_LEVEL = "-O";
				VALIDATE_PRODUCT = YES;
			};
			name = Release;
		};
		76DEC3A9257EAD5F00BF1857 /* Debug */ = {
			isa = XCBuildConfiguration;
			buildSettings = {
				ASSETCATALOG_COMPILER_APPICON_NAME = AppIcon;
				ASSETCATALOG_COMPILER_GLOBAL_ACCENT_COLOR_NAME = AccentColor;
				CODE_SIGN_STYLE = Automatic;
				DEVELOPMENT_TEAM = XYKM65XJ59;
				INFOPLIST_FILE = TapResearchSwiftDemoSingleton/Info.plist;
				IPHONEOS_DEPLOYMENT_TARGET = 13.0;
				LD_RUNPATH_SEARCH_PATHS = (
					"$(inherited)",
					"@executable_path/Frameworks",
				);
				PRODUCT_BUNDLE_IDENTIFIER = com.tapresearch.TapResearchSwiftDemoSingleton.TapResearchSwiftDemoSingleton;
				PRODUCT_NAME = "$(TARGET_NAME)";
				SWIFT_VERSION = 5.0;
				TARGETED_DEVICE_FAMILY = "1,2";
			};
			name = Debug;
		};
		76DEC3AA257EAD5F00BF1857 /* Release */ = {
			isa = XCBuildConfiguration;
			buildSettings = {
				ASSETCATALOG_COMPILER_APPICON_NAME = AppIcon;
				ASSETCATALOG_COMPILER_GLOBAL_ACCENT_COLOR_NAME = AccentColor;
				CODE_SIGN_STYLE = Automatic;
				DEVELOPMENT_TEAM = XYKM65XJ59;
				INFOPLIST_FILE = TapResearchSwiftDemoSingleton/Info.plist;
				IPHONEOS_DEPLOYMENT_TARGET = 13.0;
				LD_RUNPATH_SEARCH_PATHS = (
					"$(inherited)",
					"@executable_path/Frameworks",
				);
				PRODUCT_BUNDLE_IDENTIFIER = com.tapresearch.TapResearchSwiftDemoSingleton.TapResearchSwiftDemoSingleton;
				PRODUCT_NAME = "$(TARGET_NAME)";
				SWIFT_VERSION = 5.0;
				TARGETED_DEVICE_FAMILY = "1,2";
			};
			name = Release;
		};
/* End XCBuildConfiguration section */

/* Begin XCConfigurationList section */
		76DEC38F257EAD5E00BF1857 /* Build configuration list for PBXProject "TapResearchSwiftDemoSingleton" */ = {
			isa = XCConfigurationList;
			buildConfigurations = (
				76DEC3A6257EAD5F00BF1857 /* Debug */,
				76DEC3A7257EAD5F00BF1857 /* Release */,
			);
			defaultConfigurationIsVisible = 0;
			defaultConfigurationName = Release;
		};
		76DEC3A8257EAD5F00BF1857 /* Build configuration list for PBXNativeTarget "TapResearchSwiftDemoSingleton" */ = {
			isa = XCConfigurationList;
			buildConfigurations = (
				76DEC3A9257EAD5F00BF1857 /* Debug */,
				76DEC3AA257EAD5F00BF1857 /* Release */,
			);
			defaultConfigurationIsVisible = 0;
			defaultConfigurationName = Release;
		};
/* End XCConfigurationList section */
	};
	rootObject = 76DEC38C257EAD5E00BF1857 /* Project object */;
}
